{
  "name": "root",
  "requires": true,
  "lockfileVersion": 1,
  "dependencies": {
    "@sentry/browser": {
      "version": "7.12.1",
      "resolved": "http://npm.perfma-inc.com:80/@sentry%2fbrowser/-/browser-7.12.1.tgz",
      "integrity": "sha512-pgyL65CrGFLe8sKcEG8KXAuVTE8zkAsyTlv/AuME06cSdxzO/memPK/r3BI6EM7WupIdga+V5tQUldeT1kgHNA==",
      "requires": {
        "@sentry/core": "7.12.1",
        "@sentry/types": "7.12.1",
        "@sentry/utils": "7.12.1",
        "tslib": "^1.9.3"
      }
    },
    "@sentry/core": {
      "version": "7.12.1",
      "resolved": "http://npm.perfma-inc.com:80/@sentry%2fcore/-/core-7.12.1.tgz",
      "integrity": "sha512-DFHbzHFjukhlkRZ5xzfebx0IBzblW43kmfnalBBq7xEMscUvnhsYnlvL9Y20tuPZ/PrTcq4JAHbFluAvw6M0QQ==",
      "requires": {
        "@sentry/hub": "7.12.1",
        "@sentry/types": "7.12.1",
        "@sentry/utils": "7.12.1",
        "tslib": "^1.9.3"
      }
    },
    "@sentry/hub": {
      "version": "7.12.1",
      "resolved": "http://npm.perfma-inc.com:80/@sentry%2fhub/-/hub-7.12.1.tgz",
      "integrity": "sha512-KLVnVqXf+CRmXNy9/T8K2/js7QvOQ94xtgP5KnWJbu2rl+JhxnIGiBRF51lPXFIatt7zWwB9qNdMS8lVsvLMGQ==",
      "requires": {
        "@sentry/types": "7.12.1",
        "@sentry/utils": "7.12.1",
        "tslib": "^1.9.3"
      }
    },
    "@sentry/types": {
      "version": "7.12.1",
      "resolved": "http://npm.perfma-inc.com:80/@sentry%2ftypes/-/types-7.12.1.tgz",
      "integrity": "sha512-VGZs39SZgMcCGv7H0VyFy1LEFGsnFZH590JUopmz6nG63EpeYQ2xzhIoPNAiLKbyUvBEwukn+faCg3u3MGqhgQ=="
    },
    "@sentry/utils": {
      "version": "7.12.1",
      "resolved": "http://npm.perfma-inc.com:80/@sentry%2futils/-/utils-7.12.1.tgz",
      "integrity": "sha512-Dh8B13pC0u8uLM/zf+oZngyg808c6BDEO94F7H+h3IciCVVd92A0cOQwLGAEdf8srnJgpZJNAlSC8lFDhbFHzQ==",
      "requires": {
        "@sentry/types": "7.12.1",
        "tslib": "^1.9.3"
      }
    },
    "tslib": {
      "version": "1.14.1",
      "resolved": "http://npm.perfma-inc.com:80/tslib/-/tslib-1.14.1.tgz",
      "integrity": "sha1-zy04vcNKE0vK8QkcQfZhni9nLQA="
    }
  }
}
